{
  "pins" : [
    {
      "identity" : "tigase-logging.swift",
      "kind" : "remoteSourceControl",
      "location" : "https://github.com/tigase/tigase-logging.swift",
      "state" : {
        "revision" : "382e2e85e64f8b1e3fcb71a996a030bf1b62ecb3",
        "version" : "1.0.0"
      }
    }
  ],
  "version" : 2
}
