// !$*UTF8*$!
{
	archiveVersion = 1;
	classes = {
	};
	objectVersion = 56;
	objects = {

/* Begin PBXBuildFile section */
		5C790B932B1904F500969F6A /* PoodleApp.swift in Sources */ = {isa = PBXBuildFile; fileRef = 5C790B922B1904F500969F6A /* PoodleApp.swift */; };
		5C790B952B1904F500969F6A /* ContentView.swift in Sources */ = {isa = PBXBuildFile; fileRef = 5C790B942B1904F500969F6A /* ContentView.swift */; };
		5C790B972B1904F500969F6A /* Item.swift in Sources */ = {isa = PBXBuildFile; fileRef = 5C790B962B1904F500969F6A /* Item.swift */; };
		5C790B992B1904F500969F6A /* Assets.xcassets in Resources */ = {isa = PBXBuildFile; fileRef = 5C790B982B1904F500969F6A /* Assets.xcassets */; };
		5C790B9C2B1904F500969F6A /* Preview Assets.xcassets in Resources */ = {isa = PBXBuildFile; fileRef = 5C790B9B2B1904F500969F6A /* Preview Assets.xcassets */; };
		5C790BAE2B19BCCD00969F6A /* Martin in Frameworks */ = {isa = PBXBuildFile; productRef = 5C790BAD2B19BCCD00969F6A /* Martin */; };
		5C946CE52B1D30A200AC838D /* Keychain in Resources */ = {isa = PBXBuildFile; fileRef = 5C946CE42B1D30A200AC838D /* Keychain */; };
		5C946CE72B1D30AC00AC838D /* Keychain in Frameworks */ = {isa = PBXBuildFile; productRef = 5C946CE62B1D30AC00AC838D /* Keychain */; };
		5CBD69B72B1D2CB600BE5DFD /* AccountService.swift in Sources */ = {isa = PBXBuildFile; fileRef = 5CBD69B52B1D2CB600BE5DFD /* AccountService.swift */; };
		5CBD69B82B1D2CB600BE5DFD /* XMPPService.swift in Sources */ = {isa = PBXBuildFile; fileRef = 5CBD69B62B1D2CB600BE5DFD /* XMPPService.swift */; };
		5CEA75162B1B8D3300065E1C /* Logger+.swift in Sources */ = {isa = PBXBuildFile; fileRef = 5CEA75152B1B8D3300065E1C /* Logger+.swift */; };
		5CEA75192B1B8DFA00065E1C /* XmppModulesManager+.swift in Sources */ = {isa = PBXBuildFile; fileRef = 5CEA75182B1B8DFA00065E1C /* XmppModulesManager+.swift */; };
		5CEA751B2B1B995700065E1C /* Preferences.swift in Sources */ = {isa = PBXBuildFile; fileRef = 5CEA751A2B1B995700065E1C /* Preferences.swift */; };
/* End PBXBuildFile section */

/* Begin PBXFileReference section */
		5C790B8F2B1904F500969F6A /* Poodle.app */ = {isa = PBXFileReference; explicitFileType = wrapper.application; includeInIndex = 0; path = Poodle.app; sourceTree = BUILT_PRODUCTS_DIR; };
		5C790B922B1904F500969F6A /* PoodleApp.swift */ = {isa = PBXFileReference; lastKnownFileType = sourcecode.swift; path = PoodleApp.swift; sourceTree = "<group>"; };
		5C790B942B1904F500969F6A /* ContentView.swift */ = {isa = PBXFileReference; lastKnownFileType = sourcecode.swift; path = ContentView.swift; sourceTree = "<group>"; };
		5C790B962B1904F500969F6A /* Item.swift */ = {isa = PBXFileReference; lastKnownFileType = sourcecode.swift; path = Item.swift; sourceTree = "<group>"; };
		5C790B982B1904F500969F6A /* Assets.xcassets */ = {isa = PBXFileReference; lastKnownFileType = folder.assetcatalog; path = Assets.xcassets; sourceTree = "<group>"; };
		5C790B9B2B1904F500969F6A /* Preview Assets.xcassets */ = {isa = PBXFileReference; lastKnownFileType = folder.assetcatalog; path = "Preview Assets.xcassets"; sourceTree = "<group>"; };
		5C790B9D2B1904F500969F6A /* Poodle.entitlements */ = {isa = PBXFileReference; lastKnownFileType = text.plist.entitlements; path = Poodle.entitlements; sourceTree = "<group>"; };
		5C790BAA2B19074400969F6A /* Martin */ = {isa = PBXFileReference; lastKnownFileType = wrapper; name = Martin; path = Libraries/Martin; sourceTree = "<group>"; };
		5C946CE42B1D30A200AC838D /* Keychain */ = {isa = PBXFileReference; lastKnownFileType = wrapper; path = Keychain; sourceTree = "<group>"; };
		5CBD69B52B1D2CB600BE5DFD /* AccountService.swift */ = {isa = PBXFileReference; fileEncoding = 4; lastKnownFileType = sourcecode.swift; path = AccountService.swift; sourceTree = "<group>"; };
		5CBD69B62B1D2CB600BE5DFD /* XMPPService.swift */ = {isa = PBXFileReference; fileEncoding = 4; lastKnownFileType = sourcecode.swift; path = XMPPService.swift; sourceTree = "<group>"; };
		5CEA75152B1B8D3300065E1C /* Logger+.swift */ = {isa = PBXFileReference; lastKnownFileType = sourcecode.swift; path = "Logger+.swift"; sourceTree = "<group>"; };
		5CEA75182B1B8DFA00065E1C /* XmppModulesManager+.swift */ = {isa = PBXFileReference; lastKnownFileType = sourcecode.swift; path = "XmppModulesManager+.swift"; sourceTree = "<group>"; };
		5CEA751A2B1B995700065E1C /* Preferences.swift */ = {isa = PBXFileReference; lastKnownFileType = sourcecode.swift; path = Preferences.swift; sourceTree = "<group>"; };
/* End PBXFileReference section */

/* Begin PBXFrameworksBuildPhase section */
		5C790B8C2B1904F400969F6A /* Frameworks */ = {
			isa = PBXFrameworksBuildPhase;
			buildActionMask = 2147483647;
			files = (
				5C946CE72B1D30AC00AC838D /* Keychain in Frameworks */,
				5C790BAE2B19BCCD00969F6A /* Martin in Frameworks */,
			);
			runOnlyForDeploymentPostprocessing = 0;
		};
/* End PBXFrameworksBuildPhase section */

/* Begin PBXGroup section */
		5C790B862B1904F400969F6A = {
			isa = PBXGroup;
			children = (
				5C790B912B1904F500969F6A /* Poodle */,
				5C946CE32B1D30A200AC838D /* Packages */,
				5C790B902B1904F500969F6A /* Products */,
				5C790BA92B19074400969F6A /* Frameworks */,
			);
			sourceTree = "<group>";
		};
		5C790B902B1904F500969F6A /* Products */ = {
			isa = PBXGroup;
			children = (
				5C790B8F2B1904F500969F6A /* Poodle.app */,
			);
			name = Products;
			sourceTree = "<group>";
		};
		5C790B912B1904F500969F6A /* Poodle */ = {
			isa = PBXGroup;
			children = (
				5CBD69B42B1D2CB600BE5DFD /* Services */,
				5CEA751C2B1B999000065E1C /* Environment */,
				5CEA75172B1B8DEC00065E1C /* Extensions */,
				5C790B922B1904F500969F6A /* PoodleApp.swift */,
				5C790B942B1904F500969F6A /* ContentView.swift */,
				5C790B962B1904F500969F6A /* Item.swift */,
				5C790B982B1904F500969F6A /* Assets.xcassets */,
				5C790B9D2B1904F500969F6A /* Poodle.entitlements */,
				5C790B9A2B1904F500969F6A /* Preview Content */,
			);
			path = Poodle;
			sourceTree = "<group>";
		};
		5C790B9A2B1904F500969F6A /* Preview Content */ = {
			isa = PBXGroup;
			children = (
				5C790B9B2B1904F500969F6A /* Preview Assets.xcassets */,
			);
			path = "Preview Content";
			sourceTree = "<group>";
		};
		5C790BA92B19074400969F6A /* Frameworks */ = {
			isa = PBXGroup;
			children = (
				5C790BAA2B19074400969F6A /* Martin */,
			);
			name = Frameworks;
			sourceTree = "<group>";
		};
		5C946CE32B1D30A200AC838D /* Packages */ = {
			isa = PBXGroup;
			children = (
				5C946CE42B1D30A200AC838D /* Keychain */,
			);
			path = Packages;
			sourceTree = "<group>";
		};
		5CBD69B42B1D2CB600BE5DFD /* Services */ = {
			isa = PBXGroup;
			children = (
				5CBD69B52B1D2CB600BE5DFD /* AccountService.swift */,
				5CBD69B62B1D2CB600BE5DFD /* XMPPService.swift */,
			);
			path = Services;
			sourceTree = "<group>";
		};
		5CEA75172B1B8DEC00065E1C /* Extensions */ = {
			isa = PBXGroup;
			children = (
				5CEA75152B1B8D3300065E1C /* Logger+.swift */,
				5CEA75182B1B8DFA00065E1C /* XmppModulesManager+.swift */,
			);
			path = Extensions;
			sourceTree = "<group>";
		};
		5CEA751C2B1B999000065E1C /* Environment */ = {
			isa = PBXGroup;
			children = (
				5CEA751A2B1B995700065E1C /* Preferences.swift */,
			);
			path = Environment;
			sourceTree = "<group>";
		};
/* End PBXGroup section */

/* Begin PBXNativeTarget section */
		5C790B8E2B1904F400969F6A /* Poodle */ = {
			isa = PBXNativeTarget;
			buildConfigurationList = 5C790BA02B1904F500969F6A /* Build configuration list for PBXNativeTarget "Poodle" */;
			buildPhases = (
				5C790B8B2B1904F400969F6A /* Sources */,
				5C790B8C2B1904F400969F6A /* Frameworks */,
				5C790B8D2B1904F400969F6A /* Resources */,
			);
			buildRules = (
			);
			dependencies = (
			);
			name = Poodle;
			packageProductDependencies = (
				5C790BAD2B19BCCD00969F6A /* Martin */,
				5C946CE62B1D30AC00AC838D /* Keychain */,
			);
			productName = Poodle;
			productReference = 5C790B8F2B1904F500969F6A /* Poodle.app */;
			productType = "com.apple.product-type.application";
		};
/* End PBXNativeTarget section */

/* Begin PBXProject section */
		5C790B872B1904F400969F6A /* Project object */ = {
			isa = PBXProject;
			attributes = {
				BuildIndependentTargetsInParallel = 1;
				LastSwiftUpdateCheck = 1500;
				LastUpgradeCheck = 1500;
				TargetAttributes = {
					5C790B8E2B1904F400969F6A = {
						CreatedOnToolsVersion = 15.0;
					};
				};
			};
			buildConfigurationList = 5C790B8A2B1904F400969F6A /* Build configuration list for PBXProject "Poodle" */;
			compatibilityVersion = "Xcode 14.0";
			developmentRegion = en;
			hasScannedForEncodings = 0;
			knownRegions = (
				en,
				Base,
			);
			mainGroup = 5C790B862B1904F400969F6A;
			productRefGroup = 5C790B902B1904F500969F6A /* Products */;
			projectDirPath = "";
			projectRoot = "";
			targets = (
				5C790B8E2B1904F400969F6A /* Poodle */,
			);
		};
/* End PBXProject section */

/* Begin PBXResourcesBuildPhase section */
		5C790B8D2B1904F400969F6A /* Resources */ = {
			isa = PBXResourcesBuildPhase;
			buildActionMask = 2147483647;
			files = (
				5C790B9C2B1904F500969F6A /* Preview Assets.xcassets in Resources */,
				5C946CE52B1D30A200AC838D /* Keychain in Resources */,
				5C790B992B1904F500969F6A /* Assets.xcassets in Resources */,
			);
			runOnlyForDeploymentPostprocessing = 0;
		};
/* End PBXResourcesBuildPhase section */

/* Begin PBXSourcesBuildPhase section */
		5C790B8B2B1904F400969F6A /* Sources */ = {
			isa = PBXSourcesBuildPhase;
			buildActionMask = 2147483647;
			files = (
				5CBD69B82B1D2CB600BE5DFD /* XMPPService.swift in Sources */,
				5CEA751B2B1B995700065E1C /* Preferences.swift in Sources */,
				5C790B952B1904F500969F6A /* ContentView.swift in Sources */,
				5CEA75192B1B8DFA00065E1C /* XmppModulesManager+.swift in Sources */,
				5CEA75162B1B8D3300065E1C /* Logger+.swift in Sources */,
				5CBD69B72B1D2CB600BE5DFD /* AccountService.swift in Sources */,
				5C790B972B1904F500969F6A /* Item.swift in Sources */,
				5C790B932B1904F500969F6A /* PoodleApp.swift in Sources */,
			);
			runOnlyForDeploymentPostprocessing = 0;
		};
/* End PBXSourcesBuildPhase section */

/* Begin XCBuildConfiguration section */
		5C790B9E2B1904F500969F6A /* Debug */ = {
			isa = XCBuildConfiguration;
			buildSettings = {
				ALWAYS_SEARCH_USER_PATHS = NO;
				ASSETCATALOG_COMPILER_GENERATE_SWIFT_ASSET_SYMBOL_EXTENSIONS = YES;
				CLANG_ANALYZER_NONNULL = YES;
				CLANG_ANALYZER_NUMBER_OBJECT_CONVERSION = YES_AGGRESSIVE;
				CLANG_CXX_LANGUAGE_STANDARD = "gnu++20";
				CLANG_ENABLE_MODULES = YES;
				CLANG_ENABLE_OBJC_ARC = YES;
				CLANG_ENABLE_OBJC_WEAK = YES;
				CLANG_WARN_BLOCK_CAPTURE_AUTORELEASING = YES;
				CLANG_WARN_BOOL_CONVERSION = YES;
				CLANG_WARN_COMMA = YES;
				CLANG_WARN_CONSTANT_CONVERSION = YES;
				CLANG_WARN_DEPRECATED_OBJC_IMPLEMENTATIONS = YES;
				CLANG_WARN_DIRECT_OBJC_ISA_USAGE = YES_ERROR;
				CLANG_WARN_DOCUMENTATION_COMMENTS = YES;
				CLANG_WARN_EMPTY_BODY = YES;
				CLANG_WARN_ENUM_CONVERSION = YES;
				CLANG_WARN_INFINITE_RECURSION = YES;
				CLANG_WARN_INT_CONVERSION = YES;
				CLANG_WARN_NON_LITERAL_NULL_CONVERSION = YES;
				CLANG_WARN_OBJC_IMPLICIT_RETAIN_SELF = YES;
				CLANG_WARN_OBJC_LITERAL_CONVERSION = YES;
				CLANG_WARN_OBJC_ROOT_CLASS = YES_ERROR;
				CLANG_WARN_QUOTED_INCLUDE_IN_FRAMEWORK_HEADER = YES;
				CLANG_WARN_RANGE_LOOP_ANALYSIS = YES;
				CLANG_WARN_STRICT_PROTOTYPES = YES;
				CLANG_WARN_SUSPICIOUS_MOVE = YES;
				CLANG_WARN_UNGUARDED_AVAILABILITY = YES_AGGRESSIVE;
				CLANG_WARN_UNREACHABLE_CODE = YES;
				CLANG_WARN__DUPLICATE_METHOD_MATCH = YES;
				COPY_PHASE_STRIP = NO;
				DEBUG_INFORMATION_FORMAT = dwarf;
				ENABLE_STRICT_OBJC_MSGSEND = YES;
				ENABLE_TESTABILITY = YES;
				ENABLE_USER_SCRIPT_SANDBOXING = YES;
				GCC_C_LANGUAGE_STANDARD = gnu17;
				GCC_DYNAMIC_NO_PIC = NO;
				GCC_NO_COMMON_BLOCKS = YES;
				GCC_OPTIMIZATION_LEVEL = 0;
				GCC_PREPROCESSOR_DEFINITIONS = (
					"DEBUG=1",
					"$(inherited)",
				);
				GCC_WARN_64_TO_32_BIT_CONVERSION = YES;
				GCC_WARN_ABOUT_RETURN_TYPE = YES_ERROR;
				GCC_WARN_UNDECLARED_SELECTOR = YES;
				GCC_WARN_UNINITIALIZED_AUTOS = YES_AGGRESSIVE;
				GCC_WARN_UNUSED_FUNCTION = YES;
				GCC_WARN_UNUSED_VARIABLE = YES;
				LOCALIZATION_PREFERS_STRING_CATALOGS = YES;
				MACOSX_DEPLOYMENT_TARGET = 14.0;
				MTL_ENABLE_DEBUG_INFO = INCLUDE_SOURCE;
				MTL_FAST_MATH = YES;
				ONLY_ACTIVE_ARCH = YES;
				SDKROOT = macosx;
				SWIFT_ACTIVE_COMPILATION_CONDITIONS = "DEBUG $(inherited)";
				SWIFT_OPTIMIZATION_LEVEL = "-Onone";
			};
			name = Debug;
		};
		5C790B9F2B1904F500969F6A /* Release */ = {
			isa = XCBuildConfiguration;
			buildSettings = {
				ALWAYS_SEARCH_USER_PATHS = NO;
				ASSETCATALOG_COMPILER_GENERATE_SWIFT_ASSET_SYMBOL_EXTENSIONS = YES;
				CLANG_ANALYZER_NONNULL = YES;
				CLANG_ANALYZER_NUMBER_OBJECT_CONVERSION = YES_AGGRESSIVE;
				CLANG_CXX_LANGUAGE_STANDARD = "gnu++20";
				CLANG_ENABLE_MODULES = YES;
				CLANG_ENABLE_OBJC_ARC = YES;
				CLANG_ENABLE_OBJC_WEAK = YES;
				CLANG_WARN_BLOCK_CAPTURE_AUTORELEASING = YES;
				CLANG_WARN_BOOL_CONVERSION = YES;
				CLANG_WARN_COMMA = YES;
				CLANG_WARN_CONSTANT_CONVERSION = YES;
				CLANG_WARN_DEPRECATED_OBJC_IMPLEMENTATIONS = YES;
				CLANG_WARN_DIRECT_OBJC_ISA_USAGE = YES_ERROR;
				CLANG_WARN_DOCUMENTATION_COMMENTS = YES;
				CLANG_WARN_EMPTY_BODY = YES;
				CLANG_WARN_ENUM_CONVERSION = YES;
				CLANG_WARN_INFINITE_RECURSION = YES;
				CLANG_WARN_INT_CONVERSION = YES;
				CLANG_WARN_NON_LITERAL_NULL_CONVERSION = YES;
				CLANG_WARN_OBJC_IMPLICIT_RETAIN_SELF = YES;
				CLANG_WARN_OBJC_LITERAL_CONVERSION = YES;
				CLANG_WARN_OBJC_ROOT_CLASS = YES_ERROR;
				CLANG_WARN_QUOTED_INCLUDE_IN_FRAMEWORK_HEADER = YES;
				CLANG_WARN_RANGE_LOOP_ANALYSIS = YES;
				CLANG_WARN_STRICT_PROTOTYPES = YES;
				CLANG_WARN_SUSPICIOUS_MOVE = YES;
				CLANG_WARN_UNGUARDED_AVAILABILITY = YES_AGGRESSIVE;
				CLANG_WARN_UNREACHABLE_CODE = YES;
				CLANG_WARN__DUPLICATE_METHOD_MATCH = YES;
				COPY_PHASE_STRIP = NO;
				DEBUG_INFORMATION_FORMAT = "dwarf-with-dsym";
				ENABLE_NS_ASSERTIONS = NO;
				ENABLE_STRICT_OBJC_MSGSEND = YES;
				ENABLE_USER_SCRIPT_SANDBOXING = YES;
				GCC_C_LANGUAGE_STANDARD = gnu17;
				GCC_NO_COMMON_BLOCKS = YES;
				GCC_WARN_64_TO_32_BIT_CONVERSION = YES;
				GCC_WARN_ABOUT_RETURN_TYPE = YES_ERROR;
				GCC_WARN_UNDECLARED_SELECTOR = YES;
				GCC_WARN_UNINITIALIZED_AUTOS = YES_AGGRESSIVE;
				GCC_WARN_UNUSED_FUNCTION = YES;
				GCC_WARN_UNUSED_VARIABLE = YES;
				LOCALIZATION_PREFERS_STRING_CATALOGS = YES;
				MACOSX_DEPLOYMENT_TARGET = 14.0;
				MTL_ENABLE_DEBUG_INFO = NO;
				MTL_FAST_MATH = YES;
				SDKROOT = macosx;
				SWIFT_COMPILATION_MODE = wholemodule;
			};
			name = Release;
		};
		5C790BA12B1904F500969F6A /* Debug */ = {
			isa = XCBuildConfiguration;
			buildSettings = {
				ASSETCATALOG_COMPILER_APPICON_NAME = AppIcon;
				ASSETCATALOG_COMPILER_GLOBAL_ACCENT_COLOR_NAME = AccentColor;
				CODE_SIGN_ENTITLEMENTS = Poodle/Poodle.entitlements;
				CODE_SIGN_STYLE = Automatic;
				COMBINE_HIDPI_IMAGES = YES;
				CURRENT_PROJECT_VERSION = 1;
				DEVELOPMENT_ASSET_PATHS = "\"Poodle/Preview Content\"";
				DEVELOPMENT_TEAM = 27QQ4H5V76;
				ENABLE_HARDENED_RUNTIME = YES;
				ENABLE_PREVIEWS = YES;
				GENERATE_INFOPLIST_FILE = YES;
				INFOPLIST_KEY_NSHumanReadableCopyright = "";
				LD_RUNPATH_SEARCH_PATHS = (
					"$(inherited)",
					"@executable_path/../Frameworks",
				);
				MACOSX_DEPLOYMENT_TARGET = 14.0;
				MARKETING_VERSION = 1.0;
				PRODUCT_BUNDLE_IDENTIFIER = ch.LucA.Poodle;
				PRODUCT_NAME = "$(TARGET_NAME)";
				SWIFT_EMIT_LOC_STRINGS = YES;
				SWIFT_VERSION = 5.0;
			};
			name = Debug;
		};
		5C790BA22B1904F500969F6A /* Release */ = {
			isa = XCBuildConfiguration;
			buildSettings = {
				ASSETCATALOG_COMPILER_APPICON_NAME = AppIcon;
				ASSETCATALOG_COMPILER_GLOBAL_ACCENT_COLOR_NAME = AccentColor;
				CODE_SIGN_ENTITLEMENTS = Poodle/Poodle.entitlements;
				CODE_SIGN_STYLE = Automatic;
				COMBINE_HIDPI_IMAGES = YES;
				CURRENT_PROJECT_VERSION = 1;
				DEVELOPMENT_ASSET_PATHS = "\"Poodle/Preview Content\"";
				DEVELOPMENT_TEAM = 27QQ4H5V76;
				ENABLE_HARDENED_RUNTIME = YES;
				ENABLE_PREVIEWS = YES;
				GENERATE_INFOPLIST_FILE = YES;
				INFOPLIST_KEY_NSHumanReadableCopyright = "";
				LD_RUNPATH_SEARCH_PATHS = (
					"$(inherited)",
					"@executable_path/../Frameworks",
				);
				MACOSX_DEPLOYMENT_TARGET = 14.0;
				MARKETING_VERSION = 1.0;
				PRODUCT_BUNDLE_IDENTIFIER = ch.LucA.Poodle;
				PRODUCT_NAME = "$(TARGET_NAME)";
				SWIFT_EMIT_LOC_STRINGS = YES;
				SWIFT_VERSION = 5.0;
			};
			name = Release;
		};
/* End XCBuildConfiguration section */

/* Begin XCConfigurationList section */
		5C790B8A2B1904F400969F6A /* Build configuration list for PBXProject "Poodle" */ = {
			isa = XCConfigurationList;
			buildConfigurations = (
				5C790B9E2B1904F500969F6A /* Debug */,
				5C790B9F2B1904F500969F6A /* Release */,
			);
			defaultConfigurationIsVisible = 0;
			defaultConfigurationName = Release;
		};
		5C790BA02B1904F500969F6A /* Build configuration list for PBXNativeTarget "Poodle" */ = {
			isa = XCConfigurationList;
			buildConfigurations = (
				5C790BA12B1904F500969F6A /* Debug */,
				5C790BA22B1904F500969F6A /* Release */,
			);
			defaultConfigurationIsVisible = 0;
			defaultConfigurationName = Release;
		};
/* End XCConfigurationList section */

/* Begin XCSwiftPackageProductDependency section */
		5C790BAD2B19BCCD00969F6A /* Martin */ = {
			isa = XCSwiftPackageProductDependency;
			productName = Martin;
		};
		5C946CE62B1D30AC00AC838D /* Keychain */ = {
			isa = XCSwiftPackageProductDependency;
			productName = Keychain;
		};
/* End XCSwiftPackageProductDependency section */
	};
	rootObject = 5C790B872B1904F400969F6A /* Project object */;
}
